
Microsoft Visual Studio Solution File, Format Version 12.00
# Visual Studio 15
VisualStudioVersion = 15.0.27130.2027
MinimumVisualStudioVersion = 10.0.40219.1
Project("{9A19103F-16F7-4668-BE54-9A1E7A4F7556}") = "NopPluginTemplator", "NopPluginTemplator.csproj", "{CF7367D2-34DA-47D1-A8A5-506CD9B1E244}"
EndProject
Project("{FAE04EC0-301F-11D3-BF4B-00C04F79EFBC}") = "NopPluginGenerator", "NopPluginGenerator\NopPluginGenerator.csproj", "{06137214-E958-4AFA-805D-2C04D6BDB440}"
EndProject
Global
	GlobalSection(SolutionConfigurationPlatforms) = preSolution
		Debug|Any CPU = Debug|Any CPU
		Release|Any CPU = Release|Any CPU
	EndGlobalSection
	GlobalSection(ProjectConfigurationPlatforms) = postSolution
		{CF7367D2-34DA-47D1-A8A5-506CD9B1E244}.Debug|Any CPU.ActiveCfg = Debug|Any CPU
		{CF7367D2-34DA-47D1-A8A5-506CD9B1E244}.Debug|Any CPU.Build.0 = Debug|Any CPU
		{CF7367D2-34DA-47D1-A8A5-506CD9B1E244}.Release|Any CPU.ActiveCfg = Release|Any CPU
		{CF7367D2-34DA-47D1-A8A5-506CD9B1E244}.Release|Any CPU.Build.0 = Release|Any CPU
		{06137214-E958-4AFA-805D-2C04D6BDB440}.Debug|Any CPU.ActiveCfg = Debug|Any CPU
		{06137214-E958-4AFA-805D-2C04D6BDB440}.Debug|Any CPU.Build.0 = Debug|Any CPU
		{06137214-E958-4AFA-805D-2C04D6BDB440}.Release|Any CPU.ActiveCfg = Release|Any CPU
		{06137214-E958-4AFA-805D-2C04D6BDB440}.Release|Any CPU.Build.0 = Release|Any CPU
	EndGlobalSection
	GlobalSection(SolutionProperties) = preSolution
		HideSolutionNode = FALSE
	EndGlobalSection
	GlobalSection(ExtensibilityGlobals) = postSolution
		SolutionGuid = {8FAFE75A-9871-40D4-B60D-B22928A5F4FE}
	EndGlobalSection
EndGlobal
